// !$*UTF8*$!
{
	archiveVersion = 1;
	classes = {
	};
	objectVersion = 51;
	objects = {

/* Begin PBXBuildFile section */
		831A494F21F35CC000A5D0D8 /* LikedListTableViewController.swift in Sources */ = {isa = PBXBuildFile; fileRef = 831A494E21F35CC000A5D0D8 /* LikedListTableViewController.swift */; };
		831A495221F3787300A5D0D8 /* LikedArtistTableViewCell.swift in Sources */ = {isa = PBXBuildFile; fileRef = 831A495121F3787300A5D0D8 /* LikedArtistTableViewCell.swift */; };
		83A07DF021CFEAB500B9B98C /* AppDelegate.swift in Sources */ = {isa = PBXBuildFile; fileRef = 83A07DEF21CFEAB500B9B98C /* AppDelegate.swift */; };
		83A07DF221CFEAB500B9B98C /* MusicViewController.swift in Sources */ = {isa = PBXBuildFile; fileRef = 83A07DF121CFEAB500B9B98C /* MusicViewController.swift */; };
		83A07DF521CFEAB500B9B98C /* Main.storyboard in Resources */ = {isa = PBXBuildFile; fileRef = 83A07DF321CFEAB500B9B98C /* Main.storyboard */; };
		83A07DF721CFEAB600B9B98C /* Assets.xcassets in Resources */ = {isa = PBXBuildFile; fileRef = 83A07DF621CFEAB600B9B98C /* Assets.xcassets */; };
		83A07DFA21CFEAB600B9B98C /* LaunchScreen.storyboard in Resources */ = {isa = PBXBuildFile; fileRef = 83A07DF821CFEAB600B9B98C /* LaunchScreen.storyboard */; };
		83A8764921E7AA70002E4EED /* Artists.swift in Sources */ = {isa = PBXBuildFile; fileRef = 83A8764821E7AA70002E4EED /* Artists.swift */; };
		83D03B2521F1FD4E00EE2B24 /* Who Is Jef - Frog Fest - 2018 - Punk-Rock - Disco Pogo.mp3 in Resources */ = {isa = PBXBuildFile; fileRef = 83D03B1F21F1FD4E00EE2B24 /* Who Is Jef - Frog Fest - 2018 - Punk-Rock - Disco Pogo.mp3 */; };
		83D03B2621F1FD4E00EE2B24 /* Who Is Jef - Frog Fest - 2018 - Punk-Rock - Royals.mp3 in Resources */ = {isa = PBXBuildFile; fileRef = 83D03B2021F1FD4E00EE2B24 /* Who Is Jef - Frog Fest - 2018 - Punk-Rock - Royals.mp3 */; };
		83D03B2721F1FD4E00EE2B24 /* De Sjarels - Demo - 2015 - Alternative Rock - De Brunette.mp3 in Resources */ = {isa = PBXBuildFile; fileRef = 83D03B2121F1FD4E00EE2B24 /* De Sjarels - Demo - 2015 - Alternative Rock - De Brunette.mp3 */; };
		83D03B2821F1FD4E00EE2B24 /* De Sjarels - Demo - 2015 - Alternative Rock - De Rosse.mp3 in Resources */ = {isa = PBXBuildFile; fileRef = 83D03B2221F1FD4E00EE2B24 /* De Sjarels - Demo - 2015 - Alternative Rock - De Rosse.mp3 */; };
		83D03B2921F1FD4E00EE2B24 /* Who Is Jef - Frog Fest - 2018 - Punk-Rock - Humans.mp3 in Resources */ = {isa = PBXBuildFile; fileRef = 83D03B2321F1FD4E00EE2B24 /* Who Is Jef - Frog Fest - 2018 - Punk-Rock - Humans.mp3 */; };
		83D03B2A21F1FD4E00EE2B24 /* De Sjarels - Demo - 2015 - Alternative Rock - De Blonde.mp3 in Resources */ = {isa = PBXBuildFile; fileRef = 83D03B2421F1FD4E00EE2B24 /* De Sjarels - Demo - 2015 - Alternative Rock - De Blonde.mp3 */; };
		83E22F8321F0CADD002944C7 /* Genre.swift in Sources */ = {isa = PBXBuildFile; fileRef = 83E22F8221F0CADD002944C7 /* Genre.swift */; };
		83E22F8521F105D4002944C7 /* SettingsViewController.swift in Sources */ = {isa = PBXBuildFile; fileRef = 83E22F8421F105D4002944C7 /* SettingsViewController.swift */; };
		83EBA63A21CFF7E60022D9DC /* Artist.swift in Sources */ = {isa = PBXBuildFile; fileRef = 83EBA63921CFF7E60022D9DC /* Artist.swift */; };
		83EBA63C21CFF83A0022D9DC /* Song.swift in Sources */ = {isa = PBXBuildFile; fileRef = 83EBA63B21CFF83A0022D9DC /* Song.swift */; };
		83EBA63E21CFF8550022D9DC /* Album.swift in Sources */ = {isa = PBXBuildFile; fileRef = 83EBA63D21CFF8550022D9DC /* Album.swift */; };
/* End PBXBuildFile section */

/* Begin PBXContainerItemProxy section */
		83A07E0121CFEAB600B9B98C /* PBXContainerItemProxy */ = {
			isa = PBXContainerItemProxy;
			containerPortal = 83A07DE421CFEAB500B9B98C /* Project object */;
			proxyType = 1;
			remoteGlobalIDString = 83A07DEB21CFEAB500B9B98C;
			remoteInfo = MusTin;
		};
		83A07E0C21CFEAB600B9B98C /* PBXContainerItemProxy */ = {
			isa = PBXContainerItemProxy;
			containerPortal = 83A07DE421CFEAB500B9B98C /* Project object */;
			proxyType = 1;
			remoteGlobalIDString = 83A07DEB21CFEAB500B9B98C;
			remoteInfo = MusTin;
		};
/* End PBXContainerItemProxy section */

/* Begin PBXFileReference section */
		831A494E21F35CC000A5D0D8 /* LikedListTableViewController.swift */ = {isa = PBXFileReference; lastKnownFileType = sourcecode.swift; path = LikedListTableViewController.swift; sourceTree = "<group>"; };
		831A495121F3787300A5D0D8 /* LikedArtistTableViewCell.swift */ = {isa = PBXFileReference; lastKnownFileType = sourcecode.swift; path = LikedArtistTableViewCell.swift; sourceTree = "<group>"; };
		83A07DEC21CFEAB500B9B98C /* MusTin.app */ = {isa = PBXFileReference; explicitFileType = wrapper.application; includeInIndex = 0; path = MusTin.app; sourceTree = BUILT_PRODUCTS_DIR; };
		83A07DEF21CFEAB500B9B98C /* AppDelegate.swift */ = {isa = PBXFileReference; lastKnownFileType = sourcecode.swift; path = AppDelegate.swift; sourceTree = "<group>"; };
		83A07DF121CFEAB500B9B98C /* MusicViewController.swift */ = {isa = PBXFileReference; lastKnownFileType = sourcecode.swift; path = MusicViewController.swift; sourceTree = "<group>"; };
		83A07DF421CFEAB500B9B98C /* Base */ = {isa = PBXFileReference; lastKnownFileType = file.storyboard; name = Base; path = Base.lproj/Main.storyboard; sourceTree = "<group>"; };
		83A07DF621CFEAB600B9B98C /* Assets.xcassets */ = {isa = PBXFileReference; lastKnownFileType = folder.assetcatalog; path = Assets.xcassets; sourceTree = "<group>"; };
		83A07DF921CFEAB600B9B98C /* Base */ = {isa = PBXFileReference; lastKnownFileType = file.storyboard; name = Base; path = Base.lproj/LaunchScreen.storyboard; sourceTree = "<group>"; };
		83A07DFB21CFEAB600B9B98C /* Info.plist */ = {isa = PBXFileReference; lastKnownFileType = text.plist.xml; path = Info.plist; sourceTree = "<group>"; };
		83A07E0021CFEAB600B9B98C /* MusTinTests.xctest */ = {isa = PBXFileReference; explicitFileType = wrapper.cfbundle; includeInIndex = 0; path = MusTinTests.xctest; sourceTree = BUILT_PRODUCTS_DIR; };
		83A07E0B21CFEAB600B9B98C /* MusTinUITests.xctest */ = {isa = PBXFileReference; explicitFileType = wrapper.cfbundle; includeInIndex = 0; path = MusTinUITests.xctest; sourceTree = BUILT_PRODUCTS_DIR; };
		83A8764821E7AA70002E4EED /* Artists.swift */ = {isa = PBXFileReference; lastKnownFileType = sourcecode.swift; path = Artists.swift; sourceTree = "<group>"; };
		83D03B1F21F1FD4E00EE2B24 /* Who Is Jef - Frog Fest - 2018 - Punk-Rock - Disco Pogo.mp3 */ = {isa = PBXFileReference; lastKnownFileType = audio.mp3; path = "Who Is Jef - Frog Fest - 2018 - Punk-Rock - Disco Pogo.mp3"; sourceTree = "<group>"; };
		83D03B2021F1FD4E00EE2B24 /* Who Is Jef - Frog Fest - 2018 - Punk-Rock - Royals.mp3 */ = {isa = PBXFileReference; lastKnownFileType = audio.mp3; path = "Who Is Jef - Frog Fest - 2018 - Punk-Rock - Royals.mp3"; sourceTree = "<group>"; };
		83D03B2121F1FD4E00EE2B24 /* De Sjarels - Demo - 2015 - Alternative Rock - De Brunette.mp3 */ = {isa = PBXFileReference; lastKnownFileType = audio.mp3; path = "De Sjarels - Demo - 2015 - Alternative Rock - De Brunette.mp3"; sourceTree = "<group>"; };
		83D03B2221F1FD4E00EE2B24 /* De Sjarels - Demo - 2015 - Alternative Rock - De Rosse.mp3 */ = {isa = PBXFileReference; lastKnownFileType = audio.mp3; path = "De Sjarels - Demo - 2015 - Alternative Rock - De Rosse.mp3"; sourceTree = "<group>"; };
		83D03B2321F1FD4E00EE2B24 /* Who Is Jef - Frog Fest - 2018 - Punk-Rock - Humans.mp3 */ = {isa = PBXFileReference; lastKnownFileType = audio.mp3; path = "Who Is Jef - Frog Fest - 2018 - Punk-Rock - Humans.mp3"; sourceTree = "<group>"; };
		83D03B2421F1FD4E00EE2B24 /* De Sjarels - Demo - 2015 - Alternative Rock - De Blonde.mp3 */ = {isa = PBXFileReference; lastKnownFileType = audio.mp3; path = "De Sjarels - Demo - 2015 - Alternative Rock - De Blonde.mp3"; sourceTree = "<group>"; };
		83E22F8221F0CADD002944C7 /* Genre.swift */ = {isa = PBXFileReference; lastKnownFileType = sourcecode.swift; path = Genre.swift; sourceTree = "<group>"; };
		83E22F8421F105D4002944C7 /* SettingsViewController.swift */ = {isa = PBXFileReference; lastKnownFileType = sourcecode.swift; path = SettingsViewController.swift; sourceTree = "<group>"; };
		83EBA63921CFF7E60022D9DC /* Artist.swift */ = {isa = PBXFileReference; lastKnownFileType = sourcecode.swift; path = Artist.swift; sourceTree = "<group>"; };
		83EBA63B21CFF83A0022D9DC /* Song.swift */ = {isa = PBXFileReference; lastKnownFileType = sourcecode.swift; path = Song.swift; sourceTree = "<group>"; };
		83EBA63D21CFF8550022D9DC /* Album.swift */ = {isa = PBXFileReference; lastKnownFileType = sourcecode.swift; path = Album.swift; sourceTree = "<group>"; };
/* End PBXFileReference section */

/* Begin PBXFrameworksBuildPhase section */
		83A07DE921CFEAB500B9B98C /* Frameworks */ = {
			isa = PBXFrameworksBuildPhase;
			buildActionMask = 2147483647;
			files = (
			);
			runOnlyForDeploymentPostprocessing = 0;
		};
		83A07DFD21CFEAB600B9B98C /* Frameworks */ = {
			isa = PBXFrameworksBuildPhase;
			buildActionMask = 2147483647;
			files = (
			);
			runOnlyForDeploymentPostprocessing = 0;
		};
		83A07E0821CFEAB600B9B98C /* Frameworks */ = {
			isa = PBXFrameworksBuildPhase;
			buildActionMask = 2147483647;
			files = (
			);
			runOnlyForDeploymentPostprocessing = 0;
		};
/* End PBXFrameworksBuildPhase section */

/* Begin PBXGroup section */
		831A494921F3377B00A5D0D8 /* Resources */ = {
			isa = PBXGroup;
			children = (
				83A07DF821CFEAB600B9B98C /* LaunchScreen.storyboard */,
				83A07DF321CFEAB500B9B98C /* Main.storyboard */,
			);
			path = Resources;
			sourceTree = "<group>";
		};
		831A495021F3785800A5D0D8 /* Views */ = {
			isa = PBXGroup;
			children = (
				831A495121F3787300A5D0D8 /* LikedArtistTableViewCell.swift */,
			);
			path = Views;
			sourceTree = "<group>";
		};
		83A07DE321CFEAB500B9B98C = {
			isa = PBXGroup;
			children = (
				83A07DEE21CFEAB500B9B98C /* MusTin */,
				83A07DED21CFEAB500B9B98C /* Products */,
			);
			sourceTree = "<group>";
		};
		83A07DED21CFEAB500B9B98C /* Products */ = {
			isa = PBXGroup;
			children = (
				83A07DEC21CFEAB500B9B98C /* MusTin.app */,
				83A07E0021CFEAB600B9B98C /* MusTinTests.xctest */,
				83A07E0B21CFEAB600B9B98C /* MusTinUITests.xctest */,
			);
			name = Products;
			sourceTree = "<group>";
		};
		83A07DEE21CFEAB500B9B98C /* MusTin */ = {
			isa = PBXGroup;
			children = (
				831A495021F3785800A5D0D8 /* Views */,
				831A494921F3377B00A5D0D8 /* Resources */,
				83A07DEF21CFEAB500B9B98C /* AppDelegate.swift */,
				83A07DFB21CFEAB600B9B98C /* Info.plist */,
				83A07DF621CFEAB600B9B98C /* Assets.xcassets */,
				83D03B1E21F1FD4E00EE2B24 /* Artists */,
				83EBA63821CFF6990022D9DC /* Supporting Files */,
				83EBA63721CFF68E0022D9DC /* View Controllers */,
				83EBA63621CFF6890022D9DC /* View */,
				83EBA63521CFF6840022D9DC /* Model */,
			);
			path = MusTin;
			sourceTree = "<group>";
		};
		83D03B1E21F1FD4E00EE2B24 /* Artists */ = {
			isa = PBXGroup;
			children = (
				83D03B1F21F1FD4E00EE2B24 /* Who Is Jef - Frog Fest - 2018 - Punk-Rock - Disco Pogo.mp3 */,
				83D03B2021F1FD4E00EE2B24 /* Who Is Jef - Frog Fest - 2018 - Punk-Rock - Royals.mp3 */,
				83D03B2121F1FD4E00EE2B24 /* De Sjarels - Demo - 2015 - Alternative Rock - De Brunette.mp3 */,
				83D03B2221F1FD4E00EE2B24 /* De Sjarels - Demo - 2015 - Alternative Rock - De Rosse.mp3 */,
				83D03B2321F1FD4E00EE2B24 /* Who Is Jef - Frog Fest - 2018 - Punk-Rock - Humans.mp3 */,
				83D03B2421F1FD4E00EE2B24 /* De Sjarels - Demo - 2015 - Alternative Rock - De Blonde.mp3 */,
			);
			path = Artists;
			sourceTree = "<group>";
		};
		83EBA63521CFF6840022D9DC /* Model */ = {
			isa = PBXGroup;
			children = (
				83EBA63921CFF7E60022D9DC /* Artist.swift */,
				83EBA63B21CFF83A0022D9DC /* Song.swift */,
				83EBA63D21CFF8550022D9DC /* Album.swift */,
				83A8764821E7AA70002E4EED /* Artists.swift */,
				83E22F8221F0CADD002944C7 /* Genre.swift */,
			);
			path = Model;
			sourceTree = "<group>";
		};
		83EBA63621CFF6890022D9DC /* View */ = {
			isa = PBXGroup;
			children = (
			);
			path = View;
			sourceTree = "<group>";
		};
		83EBA63721CFF68E0022D9DC /* View Controllers */ = {
			isa = PBXGroup;
			children = (
				831A494E21F35CC000A5D0D8 /* LikedListTableViewController.swift */,
				83A07DF121CFEAB500B9B98C /* MusicViewController.swift */,
				83E22F8421F105D4002944C7 /* SettingsViewController.swift */,
			);
			path = "View Controllers";
			sourceTree = "<group>";
		};
		83EBA63821CFF6990022D9DC /* Supporting Files */ = {
			isa = PBXGroup;
			children = (
			);
			path = "Supporting Files";
			sourceTree = "<group>";
		};
/* End PBXGroup section */

/* Begin PBXNativeTarget section */
		83A07DEB21CFEAB500B9B98C /* MusTin */ = {
			isa = PBXNativeTarget;
			buildConfigurationList = 83A07E1421CFEAB600B9B98C /* Build configuration list for PBXNativeTarget "MusTin" */;
			buildPhases = (
				83A07DE821CFEAB500B9B98C /* Sources */,
				83A07DE921CFEAB500B9B98C /* Frameworks */,
				83A07DEA21CFEAB500B9B98C /* Resources */,
			);
			buildRules = (
			);
			dependencies = (
			);
			name = MusTin;
			productName = MusTin;
			productReference = 83A07DEC21CFEAB500B9B98C /* MusTin.app */;
			productType = "com.apple.product-type.application";
		};
		83A07DFF21CFEAB600B9B98C /* MusTinTests */ = {
			isa = PBXNativeTarget;
			buildConfigurationList = 83A07E1721CFEAB600B9B98C /* Build configuration list for PBXNativeTarget "MusTinTests" */;
			buildPhases = (
				83A07DFC21CFEAB600B9B98C /* Sources */,
				83A07DFD21CFEAB600B9B98C /* Frameworks */,
				83A07DFE21CFEAB600B9B98C /* Resources */,
			);
			buildRules = (
			);
			dependencies = (
				83A07E0221CFEAB600B9B98C /* PBXTargetDependency */,
			);
			name = MusTinTests;
			productName = MusTinTests;
			productReference = 83A07E0021CFEAB600B9B98C /* MusTinTests.xctest */;
			productType = "com.apple.product-type.bundle.unit-test";
		};
		83A07E0A21CFEAB600B9B98C /* MusTinUITests */ = {
			isa = PBXNativeTarget;
			buildConfigurationList = 83A07E1A21CFEAB600B9B98C /* Build configuration list for PBXNativeTarget "MusTinUITests" */;
			buildPhases = (
				83A07E0721CFEAB600B9B98C /* Sources */,
				83A07E0821CFEAB600B9B98C /* Frameworks */,
				83A07E0921CFEAB600B9B98C /* Resources */,
			);
			buildRules = (
			);
			dependencies = (
				83A07E0D21CFEAB600B9B98C /* PBXTargetDependency */,
			);
			name = MusTinUITests;
			productName = MusTinUITests;
			productReference = 83A07E0B21CFEAB600B9B98C /* MusTinUITests.xctest */;
			productType = "com.apple.product-type.bundle.ui-testing";
		};
/* End PBXNativeTarget section */

/* Begin PBXProject section */
		83A07DE421CFEAB500B9B98C /* Project object */ = {
			isa = PBXProject;
			attributes = {
				LastSwiftUpdateCheck = 1010;
				LastUpgradeCheck = 1010;
				ORGANIZATIONNAME = "Renaat Haleydt";
				TargetAttributes = {
					83A07DEB21CFEAB500B9B98C = {
						CreatedOnToolsVersion = 10.1;
					};
					83A07DFF21CFEAB600B9B98C = {
						CreatedOnToolsVersion = 10.1;
						TestTargetID = 83A07DEB21CFEAB500B9B98C;
					};
					83A07E0A21CFEAB600B9B98C = {
						CreatedOnToolsVersion = 10.1;
						TestTargetID = 83A07DEB21CFEAB500B9B98C;
					};
				};
			};
			buildConfigurationList = 83A07DE721CFEAB500B9B98C /* Build configuration list for PBXProject "MusTin" */;
			compatibilityVersion = "Xcode 10.0";
			developmentRegion = en;
			hasScannedForEncodings = 0;
			knownRegions = (
				en,
				Base,
			);
			mainGroup = 83A07DE321CFEAB500B9B98C;
			productRefGroup = 83A07DED21CFEAB500B9B98C /* Products */;
			projectDirPath = "";
			projectRoot = "";
			targets = (
				83A07DEB21CFEAB500B9B98C /* MusTin */,
				83A07DFF21CFEAB600B9B98C /* MusTinTests */,
				83A07E0A21CFEAB600B9B98C /* MusTinUITests */,
			);
		};
/* End PBXProject section */

/* Begin PBXResourcesBuildPhase section */
		83A07DEA21CFEAB500B9B98C /* Resources */ = {
			isa = PBXResourcesBuildPhase;
			buildActionMask = 2147483647;
			files = (
				83D03B2A21F1FD4E00EE2B24 /* De Sjarels - Demo - 2015 - Alternative Rock - De Blonde.mp3 in Resources */,
				83D03B2921F1FD4E00EE2B24 /* Who Is Jef - Frog Fest - 2018 - Punk-Rock - Humans.mp3 in Resources */,
				83D03B2621F1FD4E00EE2B24 /* Who Is Jef - Frog Fest - 2018 - Punk-Rock - Royals.mp3 in Resources */,
				83D03B2721F1FD4E00EE2B24 /* De Sjarels - Demo - 2015 - Alternative Rock - De Brunette.mp3 in Resources */,
				83A07DFA21CFEAB600B9B98C /* LaunchScreen.storyboard in Resources */,
				83A07DF721CFEAB600B9B98C /* Assets.xcassets in Resources */,
				83D03B2821F1FD4E00EE2B24 /* De Sjarels - Demo - 2015 - Alternative Rock - De Rosse.mp3 in Resources */,
				83A07DF521CFEAB500B9B98C /* Main.storyboard in Resources */,
				83D03B2521F1FD4E00EE2B24 /* Who Is Jef - Frog Fest - 2018 - Punk-Rock - Disco Pogo.mp3 in Resources */,
			);
			runOnlyForDeploymentPostprocessing = 0;
		};
		83A07DFE21CFEAB600B9B98C /* Resources */ = {
			isa = PBXResourcesBuildPhase;
			buildActionMask = 2147483647;
			files = (
			);
			runOnlyForDeploymentPostprocessing = 0;
		};
		83A07E0921CFEAB600B9B98C /* Resources */ = {
			isa = PBXResourcesBuildPhase;
			buildActionMask = 2147483647;
			files = (
			);
			runOnlyForDeploymentPostprocessing = 0;
		};
/* End PBXResourcesBuildPhase section */

/* Begin PBXSourcesBuildPhase section */
		83A07DE821CFEAB500B9B98C /* Sources */ = {
			isa = PBXSourcesBuildPhase;
			buildActionMask = 2147483647;
			files = (
				83EBA63C21CFF83A0022D9DC /* Song.swift in Sources */,
				83EBA63A21CFF7E60022D9DC /* Artist.swift in Sources */,
				831A495221F3787300A5D0D8 /* LikedArtistTableViewCell.swift in Sources */,
				83A8764921E7AA70002E4EED /* Artists.swift in Sources */,
				831A494F21F35CC000A5D0D8 /* LikedListTableViewController.swift in Sources */,
				83A07DF221CFEAB500B9B98C /* MusicViewController.swift in Sources */,
				83A07DF021CFEAB500B9B98C /* AppDelegate.swift in Sources */,
				83EBA63E21CFF8550022D9DC /* Album.swift in Sources */,
				83E22F8321F0CADD002944C7 /* Genre.swift in Sources */,
				83E22F8521F105D4002944C7 /* SettingsViewController.swift in Sources */,
			);
			runOnlyForDeploymentPostprocessing = 0;
		};
		83A07DFC21CFEAB600B9B98C /* Sources */ = {
			isa = PBXSourcesBuildPhase;
			buildActionMask = 2147483647;
			files = (
			);
			runOnlyForDeploymentPostprocessing = 0;
		};
		83A07E0721CFEAB600B9B98C /* Sources */ = {
			isa = PBXSourcesBuildPhase;
			buildActionMask = 2147483647;
			files = (
			);
			runOnlyForDeploymentPostprocessing = 0;
		};
/* End PBXSourcesBuildPhase section */

/* Begin PBXTargetDependency section */
		83A07E0221CFEAB600B9B98C /* PBXTargetDependency */ = {
			isa = PBXTargetDependency;
			target = 83A07DEB21CFEAB500B9B98C /* MusTin */;
			targetProxy = 83A07E0121CFEAB600B9B98C /* PBXContainerItemProxy */;
		};
		83A07E0D21CFEAB600B9B98C /* PBXTargetDependency */ = {
			isa = PBXTargetDependency;
			target = 83A07DEB21CFEAB500B9B98C /* MusTin */;
			targetProxy = 83A07E0C21CFEAB600B9B98C /* PBXContainerItemProxy */;
		};
/* End PBXTargetDependency section */

/* Begin PBXVariantGroup section */
		83A07DF321CFEAB500B9B98C /* Main.storyboard */ = {
			isa = PBXVariantGroup;
			children = (
				83A07DF421CFEAB500B9B98C /* Base */,
			);
			name = Main.storyboard;
			sourceTree = "<group>";
		};
		83A07DF821CFEAB600B9B98C /* LaunchScreen.storyboard */ = {
			isa = PBXVariantGroup;
			children = (
				83A07DF921CFEAB600B9B98C /* Base */,
			);
			name = LaunchScreen.storyboard;
			sourceTree = "<group>";
		};
/* End PBXVariantGroup section */

/* Begin XCBuildConfiguration section */
		83A07E1221CFEAB600B9B98C /* Debug */ = {
			isa = XCBuildConfiguration;
			buildSettings = {
				ALWAYS_SEARCH_USER_PATHS = NO;
				CLANG_ANALYZER_NONNULL = YES;
				CLANG_ANALYZER_NUMBER_OBJECT_CONVERSION = YES_AGGRESSIVE;
				CLANG_CXX_LANGUAGE_STANDARD = "gnu++14";
				CLANG_CXX_LIBRARY = "libc++";
				CLANG_ENABLE_MODULES = YES;
				CLANG_ENABLE_OBJC_ARC = YES;
				CLANG_ENABLE_OBJC_WEAK = YES;
				CLANG_WARN_BLOCK_CAPTURE_AUTORELEASING = YES;
				CLANG_WARN_BOOL_CONVERSION = YES;
				CLANG_WARN_COMMA = YES;
				CLANG_WARN_CONSTANT_CONVERSION = YES;
				CLANG_WARN_DEPRECATED_OBJC_IMPLEMENTATIONS = YES;
				CLANG_WARN_DIRECT_OBJC_ISA_USAGE = YES_ERROR;
				CLANG_WARN_DOCUMENTATION_COMMENTS = YES;
				CLANG_WARN_EMPTY_BODY = YES;
				CLANG_WARN_ENUM_CONVERSION = YES;
				CLANG_WARN_INFINITE_RECURSION = YES;
				CLANG_WARN_INT_CONVERSION = YES;
				CLANG_WARN_NON_LITERAL_NULL_CONVERSION = YES;
				CLANG_WARN_OBJC_IMPLICIT_RETAIN_SELF = YES;
				CLANG_WARN_OBJC_LITERAL_CONVERSION = YES;
				CLANG_WARN_OBJC_ROOT_CLASS = YES_ERROR;
				CLANG_WARN_RANGE_LOOP_ANALYSIS = YES;
				CLANG_WARN_STRICT_PROTOTYPES = YES;
				CLANG_WARN_SUSPICIOUS_MOVE = YES;
				CLANG_WARN_UNGUARDED_AVAILABILITY = YES_AGGRESSIVE;
				CLANG_WARN_UNREACHABLE_CODE = YES;
				CLANG_WARN__DUPLICATE_METHOD_MATCH = YES;
				CODE_SIGN_IDENTITY = "iPhone Developer";
				COPY_PHASE_STRIP = NO;
				DEBUG_INFORMATION_FORMAT = dwarf;
				ENABLE_STRICT_OBJC_MSGSEND = YES;
				ENABLE_TESTABILITY = YES;
				GCC_C_LANGUAGE_STANDARD = gnu11;
				GCC_DYNAMIC_NO_PIC = NO;
				GCC_NO_COMMON_BLOCKS = YES;
				GCC_OPTIMIZATION_LEVEL = 0;
				GCC_PREPROCESSOR_DEFINITIONS = (
					"DEBUG=1",
					"$(inherited)",
				);
				GCC_WARN_64_TO_32_BIT_CONVERSION = YES;
				GCC_WARN_ABOUT_RETURN_TYPE = YES_ERROR;
				GCC_WARN_UNDECLARED_SELECTOR = YES;
				GCC_WARN_UNINITIALIZED_AUTOS = YES_AGGRESSIVE;
				GCC_WARN_UNUSED_FUNCTION = YES;
				GCC_WARN_UNUSED_VARIABLE = YES;
				IPHONEOS_DEPLOYMENT_TARGET = 12.1;
				MTL_ENABLE_DEBUG_INFO = INCLUDE_SOURCE;
				MTL_FAST_MATH = YES;
				ONLY_ACTIVE_ARCH = YES;
				SDKROOT = iphoneos;
				SWIFT_ACTIVE_COMPILATION_CONDITIONS = DEBUG;
				SWIFT_OPTIMIZATION_LEVEL = "-Onone";
			};
			name = Debug;
		};
		83A07E1321CFEAB600B9B98C /* Release */ = {
			isa = XCBuildConfiguration;
			buildSettings = {
				ALWAYS_SEARCH_USER_PATHS = NO;
				CLANG_ANALYZER_NONNULL = YES;
				CLANG_ANALYZER_NUMBER_OBJECT_CONVERSION = YES_AGGRESSIVE;
				CLANG_CXX_LANGUAGE_STANDARD = "gnu++14";
				CLANG_CXX_LIBRARY = "libc++";
				CLANG_ENABLE_MODULES = YES;
				CLANG_ENABLE_OBJC_ARC = YES;
				CLANG_ENABLE_OBJC_WEAK = YES;
				CLANG_WARN_BLOCK_CAPTURE_AUTORELEASING = YES;
				CLANG_WARN_BOOL_CONVERSION = YES;
				CLANG_WARN_COMMA = YES;
				CLANG_WARN_CONSTANT_CONVERSION = YES;
				CLANG_WARN_DEPRECATED_OBJC_IMPLEMENTATIONS = YES;
				CLANG_WARN_DIRECT_OBJC_ISA_USAGE = YES_ERROR;
				CLANG_WARN_DOCUMENTATION_COMMENTS = YES;
				CLANG_WARN_EMPTY_BODY = YES;
				CLANG_WARN_ENUM_CONVERSION = YES;
				CLANG_WARN_INFINITE_RECURSION = YES;
				CLANG_WARN_INT_CONVERSION = YES;
				CLANG_WARN_NON_LITERAL_NULL_CONVERSION = YES;
				CLANG_WARN_OBJC_IMPLICIT_RETAIN_SELF = YES;
				CLANG_WARN_OBJC_LITERAL_CONVERSION = YES;
				CLANG_WARN_OBJC_ROOT_CLASS = YES_ERROR;
				CLANG_WARN_RANGE_LOOP_ANALYSIS = YES;
				CLANG_WARN_STRICT_PROTOTYPES = YES;
				CLANG_WARN_SUSPICIOUS_MOVE = YES;
				CLANG_WARN_UNGUARDED_AVAILABILITY = YES_AGGRESSIVE;
				CLANG_WARN_UNREACHABLE_CODE = YES;
				CLANG_WARN__DUPLICATE_METHOD_MATCH = YES;
				CODE_SIGN_IDENTITY = "iPhone Developer";
				COPY_PHASE_STRIP = NO;
				DEBUG_INFORMATION_FORMAT = "dwarf-with-dsym";
				ENABLE_NS_ASSERTIONS = NO;
				ENABLE_STRICT_OBJC_MSGSEND = YES;
				GCC_C_LANGUAGE_STANDARD = gnu11;
				GCC_NO_COMMON_BLOCKS = YES;
				GCC_WARN_64_TO_32_BIT_CONVERSION = YES;
				GCC_WARN_ABOUT_RETURN_TYPE = YES_ERROR;
				GCC_WARN_UNDECLARED_SELECTOR = YES;
				GCC_WARN_UNINITIALIZED_AUTOS = YES_AGGRESSIVE;
				GCC_WARN_UNUSED_FUNCTION = YES;
				GCC_WARN_UNUSED_VARIABLE = YES;
				IPHONEOS_DEPLOYMENT_TARGET = 12.1;
				MTL_ENABLE_DEBUG_INFO = NO;
				MTL_FAST_MATH = YES;
				SDKROOT = iphoneos;
				SWIFT_COMPILATION_MODE = wholemodule;
				SWIFT_OPTIMIZATION_LEVEL = "-O";
				VALIDATE_PRODUCT = YES;
			};
			name = Release;
		};
		83A07E1521CFEAB600B9B98C /* Debug */ = {
			isa = XCBuildConfiguration;
			buildSettings = {
				ASSETCATALOG_COMPILER_APPICON_NAME = AppIcon;
				CODE_SIGN_STYLE = Automatic;
				DEVELOPMENT_TEAM = P43X6CSJWA;
				INFOPLIST_FILE = "$(SRCROOT)/MusTin/Info.plist";
				LD_RUNPATH_SEARCH_PATHS = (
					"$(inherited)",
					"@executable_path/Frameworks",
				);
				PRODUCT_BUNDLE_IDENTIFIER = RenaatHaleydt.MusTin;
				PRODUCT_NAME = "$(TARGET_NAME)";
				SWIFT_VERSION = 4.2;
				TARGETED_DEVICE_FAMILY = "1,2";
			};
			name = Debug;
		};
		83A07E1621CFEAB600B9B98C /* Release */ = {
			isa = XCBuildConfiguration;
			buildSettings = {
				ASSETCATALOG_COMPILER_APPICON_NAME = AppIcon;
				CODE_SIGN_STYLE = Automatic;
				DEVELOPMENT_TEAM = P43X6CSJWA;
				INFOPLIST_FILE = "$(SRCROOT)/MusTin/Info.plist";
				LD_RUNPATH_SEARCH_PATHS = (
					"$(inherited)",
					"@executable_path/Frameworks",
				);
				PRODUCT_BUNDLE_IDENTIFIER = RenaatHaleydt.MusTin;
				PRODUCT_NAME = "$(TARGET_NAME)";
				SWIFT_VERSION = 4.2;
				TARGETED_DEVICE_FAMILY = "1,2";
			};
			name = Release;
		};
		83A07E1821CFEAB600B9B98C /* Debug */ = {
			isa = XCBuildConfiguration;
			buildSettings = {
				ALWAYS_EMBED_SWIFT_STANDARD_LIBRARIES = YES;
				BUNDLE_LOADER = "$(TEST_HOST)";
				CODE_SIGN_STYLE = Automatic;
				DEVELOPMENT_TEAM = P43X6CSJWA;
				INFOPLIST_FILE = MusTinTests/Info.plist;
				LD_RUNPATH_SEARCH_PATHS = (
					"$(inherited)",
					"@executable_path/Frameworks",
					"@loader_path/Frameworks",
				);
				PRODUCT_BUNDLE_IDENTIFIER = RenaatHaleydt.MusTinTests;
				PRODUCT_NAME = "$(TARGET_NAME)";
				SWIFT_VERSION = 4.2;
				TARGETED_DEVICE_FAMILY = "1,2";
				TEST_HOST = "$(BUILT_PRODUCTS_DIR)/MusTin.app/MusTin";
			};
			name = Debug;
		};
		83A07E1921CFEAB600B9B98C /* Release */ = {
			isa = XCBuildConfiguration;
			buildSettings = {
				ALWAYS_EMBED_SWIFT_STANDARD_LIBRARIES = YES;
				BUNDLE_LOADER = "$(TEST_HOST)";
				CODE_SIGN_STYLE = Automatic;
				DEVELOPMENT_TEAM = P43X6CSJWA;
				INFOPLIST_FILE = MusTinTests/Info.plist;
				LD_RUNPATH_SEARCH_PATHS = (
					"$(inherited)",
					"@executable_path/Frameworks",
					"@loader_path/Frameworks",
				);
				PRODUCT_BUNDLE_IDENTIFIER = RenaatHaleydt.MusTinTests;
				PRODUCT_NAME = "$(TARGET_NAME)";
				SWIFT_VERSION = 4.2;
				TARGETED_DEVICE_FAMILY = "1,2";
				TEST_HOST = "$(BUILT_PRODUCTS_DIR)/MusTin.app/MusTin";
			};
			name = Release;
		};
		83A07E1B21CFEAB600B9B98C /* Debug */ = {
			isa = XCBuildConfiguration;
			buildSettings = {
				ALWAYS_EMBED_SWIFT_STANDARD_LIBRARIES = YES;
				CODE_SIGN_STYLE = Automatic;
				DEVELOPMENT_TEAM = P43X6CSJWA;
				INFOPLIST_FILE = MusTinUITests/Info.plist;
				LD_RUNPATH_SEARCH_PATHS = (
					"$(inherited)",
					"@executable_path/Frameworks",
					"@loader_path/Frameworks",
				);
				PRODUCT_BUNDLE_IDENTIFIER = RenaatHaleydt.MusTinUITests;
				PRODUCT_NAME = "$(TARGET_NAME)";
				SWIFT_VERSION = 4.2;
				TARGETED_DEVICE_FAMILY = "1,2";
				TEST_TARGET_NAME = MusTin;
			};
			name = Debug;
		};
		83A07E1C21CFEAB600B9B98C /* Release */ = {
			isa = XCBuildConfiguration;
			buildSettings = {
				ALWAYS_EMBED_SWIFT_STANDARD_LIBRARIES = YES;
				CODE_SIGN_STYLE = Automatic;
				DEVELOPMENT_TEAM = P43X6CSJWA;
				INFOPLIST_FILE = MusTinUITests/Info.plist;
				LD_RUNPATH_SEARCH_PATHS = (
					"$(inherited)",
					"@executable_path/Frameworks",
					"@loader_path/Frameworks",
				);
				PRODUCT_BUNDLE_IDENTIFIER = RenaatHaleydt.MusTinUITests;
				PRODUCT_NAME = "$(TARGET_NAME)";
				SWIFT_VERSION = 4.2;
				TARGETED_DEVICE_FAMILY = "1,2";
				TEST_TARGET_NAME = MusTin;
			};
			name = Release;
		};
/* End XCBuildConfiguration section */

/* Begin XCConfigurationList section */
		83A07DE721CFEAB500B9B98C /* Build configuration list for PBXProject "MusTin" */ = {
			isa = XCConfigurationList;
			buildConfigurations = (
				83A07E1221CFEAB600B9B98C /* Debug */,
				83A07E1321CFEAB600B9B98C /* Release */,
			);
			defaultConfigurationIsVisible = 0;
			defaultConfigurationName = Release;
		};
		83A07E1421CFEAB600B9B98C /* Build configuration list for PBXNativeTarget "MusTin" */ = {
			isa = XCConfigurationList;
			buildConfigurations = (
				83A07E1521CFEAB600B9B98C /* Debug */,
				83A07E1621CFEAB600B9B98C /* Release */,
			);
			defaultConfigurationIsVisible = 0;
			defaultConfigurationName = Release;
		};
		83A07E1721CFEAB600B9B98C /* Build configuration list for PBXNativeTarget "MusTinTests" */ = {
			isa = XCConfigurationList;
			buildConfigurations = (
				83A07E1821CFEAB600B9B98C /* Debug */,
				83A07E1921CFEAB600B9B98C /* Release */,
			);
			defaultConfigurationIsVisible = 0;
			defaultConfigurationName = Release;
		};
		83A07E1A21CFEAB600B9B98C /* Build configuration list for PBXNativeTarget "MusTinUITests" */ = {
			isa = XCConfigurationList;
			buildConfigurations = (
				83A07E1B21CFEAB600B9B98C /* Debug */,
				83A07E1C21CFEAB600B9B98C /* Release */,
			);
			defaultConfigurationIsVisible = 0;
			defaultConfigurationName = Release;
		};
/* End XCConfigurationList section */
	};
	rootObject = 83A07DE421CFEAB500B9B98C /* Project object */;
}
